# This file is autogenerated, do not edit; changes may be undone by the next 'dep ensure'.


[[projects]]
  name = "github.com/docker/docker"
  packages = ["builder/dockerfile/command","builder/dockerfile/parser"]
  revision = "5374d53322abd6a5b2ebb34b7422abc26d1b5eb3"

[[projects]]
  name = "github.com/mvdan/sh"
  packages = ["syntax"]
  revision = "8fad302d59abc4e7ba5a4728f9e276cc50ccd083"
  version = "v1.3.0"

[[projects]]
  name = "github.com/urfave/cli"
  packages = ["."]
  revision = "0bdeddeeb0f650497d603c4ad7b20cfe685682f6"
  version = "v1.19.1"

[solve-meta]
  analyzer-name = "dep"
  analyzer-version = 1
  inputs-digest = "7489ba25f071047fa280b935528fa3cf32de429f4d9578b93ca5ecc416bb347b"
  solver-name = "gps-cdcl"
  solver-version = 1
